{
  "name": "aquafarm",
  "version": "1.0.0",
  "lockfileVersion": 3,
  "requires": true,
  "packages": {
    "": {
      "name": "aquafarm",
      "version": "1.0.0",
      "license": "ISC",
      "dependencies": {
        "@tailwindplus/elements": "^1.0.14"
      }
    },
    "node_modules/@tailwindplus/elements": {
      "version": "1.0.14",
      "resolved": "https://registry.npmjs.org/@tailwindplus/elements/-/elements-1.0.14.tgz",
      "integrity": "sha512-TbQH+tlwGRQYlshlv/sk2y9+ntpn8Z8NHZgo01cWpke0Ort7gJzLLQOiDwIag1Iy68xVZrbjb8oqWYvjboJwcg==",
      "license": "SEE LICENSE IN LICENSE.md"
    }
  }
}
